
Microsoft Visual Studio Solution File, Format Version 12.00
# Visual Studio Version 16
VisualStudioVersion = 16.0.30114.105
MinimumVisualStudioVersion = 10.0.40219.1
Project("{2150E333-8FDC-42A3-9474-1A3956D46DE8}") = "src", "src", "{B5779FA5-1A6E-43F6-97F5-8E0F6C22BB9D}"
EndProject
Project("{9A19103F-16F7-4668-BE54-9A1E7A4F7556}") = "Test.Rabbit.Producer.WebApi", "src\Test.Rabbit.Producer.WebApi\Test.Rabbit.Producer.WebApi.csproj", "{ED0F71F5-62AA-4C47-98AE-CD4796E0A3AB}"
EndProject
Project("{2150E333-8FDC-42A3-9474-1A3956D46DE8}") = "common", "common", "{2D55BFD9-DCD1-4945-824B-6224356E183D}"
	ProjectSection(SolutionItems) = preProject
		Directory.Build.props = Directory.Build.props
		Directory.Packages.props = Directory.Packages.props
		README.md = README.md
		.gitignore = .gitignore
	EndProjectSection
EndProject
Project("{FAE04EC0-301F-11D3-BF4B-00C04F79EFBC}") = "Test.Rabbit.Producer.App", "src\Test.Rabbit.Producer.App\Test.Rabbit.Producer.App.csproj", "{A159D3CE-0DAB-4109-86BB-75940A8F4B2D}"
EndProject
Project("{FAE04EC0-301F-11D3-BF4B-00C04F79EFBC}") = "Test.Rabbit.Producer.Publishers", "src\Test.Rabbit.Producer.Publishers\Test.Rabbit.Producer.Publishers.csproj", "{AC8B326F-FF7D-49FF-838F-1A582D10ED50}"
EndProject
Global
	GlobalSection(SolutionConfigurationPlatforms) = preSolution
		Debug|Any CPU = Debug|Any CPU
		Release|Any CPU = Release|Any CPU
	EndGlobalSection
	GlobalSection(ProjectConfigurationPlatforms) = postSolution
		{ED0F71F5-62AA-4C47-98AE-CD4796E0A3AB}.Debug|Any CPU.ActiveCfg = Debug|Any CPU
		{ED0F71F5-62AA-4C47-98AE-CD4796E0A3AB}.Debug|Any CPU.Build.0 = Debug|Any CPU
		{ED0F71F5-62AA-4C47-98AE-CD4796E0A3AB}.Release|Any CPU.ActiveCfg = Release|Any CPU
		{ED0F71F5-62AA-4C47-98AE-CD4796E0A3AB}.Release|Any CPU.Build.0 = Release|Any CPU
		{A159D3CE-0DAB-4109-86BB-75940A8F4B2D}.Debug|Any CPU.ActiveCfg = Debug|Any CPU
		{A159D3CE-0DAB-4109-86BB-75940A8F4B2D}.Debug|Any CPU.Build.0 = Debug|Any CPU
		{A159D3CE-0DAB-4109-86BB-75940A8F4B2D}.Release|Any CPU.ActiveCfg = Release|Any CPU
		{A159D3CE-0DAB-4109-86BB-75940A8F4B2D}.Release|Any CPU.Build.0 = Release|Any CPU
		{AC8B326F-FF7D-49FF-838F-1A582D10ED50}.Debug|Any CPU.ActiveCfg = Debug|Any CPU
		{AC8B326F-FF7D-49FF-838F-1A582D10ED50}.Debug|Any CPU.Build.0 = Debug|Any CPU
		{AC8B326F-FF7D-49FF-838F-1A582D10ED50}.Release|Any CPU.ActiveCfg = Release|Any CPU
		{AC8B326F-FF7D-49FF-838F-1A582D10ED50}.Release|Any CPU.Build.0 = Release|Any CPU
	EndGlobalSection
	GlobalSection(SolutionProperties) = preSolution
		HideSolutionNode = FALSE
	EndGlobalSection
	GlobalSection(NestedProjects) = preSolution
		{ED0F71F5-62AA-4C47-98AE-CD4796E0A3AB} = {B5779FA5-1A6E-43F6-97F5-8E0F6C22BB9D}
		{A159D3CE-0DAB-4109-86BB-75940A8F4B2D} = {B5779FA5-1A6E-43F6-97F5-8E0F6C22BB9D}
		{AC8B326F-FF7D-49FF-838F-1A582D10ED50} = {B5779FA5-1A6E-43F6-97F5-8E0F6C22BB9D}
	EndGlobalSection
	GlobalSection(ExtensibilityGlobals) = postSolution
		SolutionGuid = {6C32D15F-871D-4ACE-8BB7-B37AFC22FFB5}
	EndGlobalSection
EndGlobal
